
Microsoft Visual Studio Solution File, Format Version 12.00
# Visual Studio Version 17
VisualStudioVersion = 17.4.33213.308
MinimumVisualStudioVersion = 10.0.40219.1
Project("{FAE04EC0-301F-11D3-BF4B-00C04F79EFBC}") = "Clicker", "Clicker\Clicker.csproj", "{4446298D-29FE-4EF2-AF97-3143CD7FE201}"
EndProject
Global
	GlobalSection(SolutionConfigurationPlatforms) = preSolution
		Debug|Any CPU = Debug|Any CPU
		Release|Any CPU = Release|Any CPU
	EndGlobalSection
	GlobalSection(ProjectConfigurationPlatforms) = postSolution
		{4446298D-29FE-4EF2-AF97-3143CD7FE201}.Debug|Any CPU.ActiveCfg = Debug|Any CPU
		{4446298D-29FE-4EF2-AF97-3143CD7FE201}.Debug|Any CPU.Build.0 = Debug|Any CPU
		{4446298D-29FE-4EF2-AF97-3143CD7FE201}.Release|Any CPU.ActiveCfg = Release|Any CPU
		{4446298D-29FE-4EF2-AF97-3143CD7FE201}.Release|Any CPU.Build.0 = Release|Any CPU
	EndGlobalSection
	GlobalSection(SolutionProperties) = preSolution
		HideSolutionNode = FALSE
	EndGlobalSection
	GlobalSection(ExtensibilityGlobals) = postSolution
		SolutionGuid = {302AEDC1-0894-421A-A51D-BCCFC3A10709}
	EndGlobalSection
EndGlobal
