
Microsoft Visual Studio Solution File, Format Version 12.00
# Visual Studio Version 17
VisualStudioVersion = 17.2.32630.192
MinimumVisualStudioVersion = 10.0.40219.1
Project("{9A19103F-16F7-4668-BE54-9A1E7A4F7556}") = "VariableOpdracht3", "VariableOpdracht3/VariableOpdracht3.csproj", "{5A9AA4DF-7B18-47E0-AF35-7D11CF8AB1BE}"
EndProject
Global
	GlobalSection(SolutionConfigurationPlatforms) = preSolution
		Debug|Any CPU = Debug|Any CPU
		Release|Any CPU = Release|Any CPU
	EndGlobalSection
	GlobalSection(ProjectConfigurationPlatforms) = postSolution
		{5A9AA4DF-7B18-47E0-AF35-7D11CF8AB1BE}.Debug|Any CPU.ActiveCfg = Debug|Any CPU
		{5A9AA4DF-7B18-47E0-AF35-7D11CF8AB1BE}.Debug|Any CPU.Build.0 = Debug|Any CPU
		{5A9AA4DF-7B18-47E0-AF35-7D11CF8AB1BE}.Release|Any CPU.ActiveCfg = Release|Any CPU
		{5A9AA4DF-7B18-47E0-AF35-7D11CF8AB1BE}.Release|Any CPU.Build.0 = Release|Any CPU
	EndGlobalSection
	GlobalSection(SolutionProperties) = preSolution
		HideSolutionNode = FALSE
	EndGlobalSection
	GlobalSection(ExtensibilityGlobals) = postSolution
		SolutionGuid = {A2F2BE3D-D27D-492D-8533-251269D86BF7}
	EndGlobalSection
EndGlobal
