
Microsoft Visual Studio Solution File, Format Version 12.00
# Visual Studio Version 17
VisualStudioVersion = 17.2.32630.192
MinimumVisualStudioVersion = 10.0.40219.1
Project("{9A19103F-16F7-4668-BE54-9A1E7A4F7556}") = "ForOpdracht4", "ForOpdracht4\ForOpdracht4.csproj", "{2CCFAF05-750C-486E-8880-2FCB6C7A7911}"
EndProject
Global
	GlobalSection(SolutionConfigurationPlatforms) = preSolution
		Debug|Any CPU = Debug|Any CPU
		Release|Any CPU = Release|Any CPU
	EndGlobalSection
	GlobalSection(ProjectConfigurationPlatforms) = postSolution
		{2CCFAF05-750C-486E-8880-2FCB6C7A7911}.Debug|Any CPU.ActiveCfg = Debug|Any CPU
		{2CCFAF05-750C-486E-8880-2FCB6C7A7911}.Debug|Any CPU.Build.0 = Debug|Any CPU
		{2CCFAF05-750C-486E-8880-2FCB6C7A7911}.Release|Any CPU.ActiveCfg = Release|Any CPU
		{2CCFAF05-750C-486E-8880-2FCB6C7A7911}.Release|Any CPU.Build.0 = Release|Any CPU
	EndGlobalSection
	GlobalSection(SolutionProperties) = preSolution
		HideSolutionNode = FALSE
	EndGlobalSection
	GlobalSection(ExtensibilityGlobals) = postSolution
		SolutionGuid = {46415CB7-0884-40CD-9B8F-59442B019221}
	EndGlobalSection
EndGlobal
