
Microsoft Visual Studio Solution File, Format Version 12.00
# Visual Studio Version 17
VisualStudioVersion = 17.2.32630.192
MinimumVisualStudioVersion = 10.0.40219.1
Project("{9A19103F-16F7-4668-BE54-9A1E7A4F7556}") = "VariableOpdracht2", "VariableOpdracht2/VariableOpdracht2.csproj", "{D0A4EE1C-5652-4F1F-A83B-31A9376DFAC2}"
EndProject
Global
	GlobalSection(SolutionConfigurationPlatforms) = preSolution
		Debug|Any CPU = Debug|Any CPU
		Release|Any CPU = Release|Any CPU
	EndGlobalSection
	GlobalSection(ProjectConfigurationPlatforms) = postSolution
		{D0A4EE1C-5652-4F1F-A83B-31A9376DFAC2}.Debug|Any CPU.ActiveCfg = Debug|Any CPU
		{D0A4EE1C-5652-4F1F-A83B-31A9376DFAC2}.Debug|Any CPU.Build.0 = Debug|Any CPU
		{D0A4EE1C-5652-4F1F-A83B-31A9376DFAC2}.Release|Any CPU.ActiveCfg = Release|Any CPU
		{D0A4EE1C-5652-4F1F-A83B-31A9376DFAC2}.Release|Any CPU.Build.0 = Release|Any CPU
	EndGlobalSection
	GlobalSection(SolutionProperties) = preSolution
		HideSolutionNode = FALSE
	EndGlobalSection
	GlobalSection(ExtensibilityGlobals) = postSolution
		SolutionGuid = {459AFCAF-5F74-451C-98C7-86450F2C9B61}
	EndGlobalSection
EndGlobal
