
Microsoft Visual Studio Solution File, Format Version 12.00
# Visual Studio Version 17
VisualStudioVersion = 17.2.32630.192
MinimumVisualStudioVersion = 10.0.40219.1
Project("{9A19103F-16F7-4668-BE54-9A1E7A4F7556}") = "ForOpdracht3", "ForOpdracht3\ForOpdracht3.csproj", "{805700A1-B817-440D-AC7F-F52136B35DD6}"
EndProject
Global
	GlobalSection(SolutionConfigurationPlatforms) = preSolution
		Debug|Any CPU = Debug|Any CPU
		Release|Any CPU = Release|Any CPU
	EndGlobalSection
	GlobalSection(ProjectConfigurationPlatforms) = postSolution
		{805700A1-B817-440D-AC7F-F52136B35DD6}.Debug|Any CPU.ActiveCfg = Debug|Any CPU
		{805700A1-B817-440D-AC7F-F52136B35DD6}.Debug|Any CPU.Build.0 = Debug|Any CPU
		{805700A1-B817-440D-AC7F-F52136B35DD6}.Release|Any CPU.ActiveCfg = Release|Any CPU
		{805700A1-B817-440D-AC7F-F52136B35DD6}.Release|Any CPU.Build.0 = Release|Any CPU
	EndGlobalSection
	GlobalSection(SolutionProperties) = preSolution
		HideSolutionNode = FALSE
	EndGlobalSection
	GlobalSection(ExtensibilityGlobals) = postSolution
		SolutionGuid = {DD3FA23B-9036-432F-B01C-C819DA1307B2}
	EndGlobalSection
EndGlobal
